
Microsoft Visual Studio Solution File, Format Version 12.00
# Visual Studio Version 16
VisualStudioVersion = 16.0.29911.84
MinimumVisualStudioVersion = 10.0.40219.1
Project("{8BC9CEB8-8B4A-11D0-8D11-00A0C91BC942}") = "2190195", "2190195\2190195.vcxproj", "{20A37157-98CA-4F06-9871-4F1917B5BCA8}"
EndProject
Global
	GlobalSection(SolutionConfigurationPlatforms) = preSolution
		Debug|x64 = Debug|x64
		Debug|x86 = Debug|x86
		Release|x64 = Release|x64
		Release|x86 = Release|x86
	EndGlobalSection
	GlobalSection(ProjectConfigurationPlatforms) = postSolution
		{20A37157-98CA-4F06-9871-4F1917B5BCA8}.Debug|x64.ActiveCfg = Debug|x64
		{20A37157-98CA-4F06-9871-4F1917B5BCA8}.Debug|x64.Build.0 = Debug|x64
		{20A37157-98CA-4F06-9871-4F1917B5BCA8}.Debug|x86.ActiveCfg = Debug|Win32
		{20A37157-98CA-4F06-9871-4F1917B5BCA8}.Debug|x86.Build.0 = Debug|Win32
		{20A37157-98CA-4F06-9871-4F1917B5BCA8}.Release|x64.ActiveCfg = Release|x64
		{20A37157-98CA-4F06-9871-4F1917B5BCA8}.Release|x64.Build.0 = Release|x64
		{20A37157-98CA-4F06-9871-4F1917B5BCA8}.Release|x86.ActiveCfg = Release|Win32
		{20A37157-98CA-4F06-9871-4F1917B5BCA8}.Release|x86.Build.0 = Release|Win32
	EndGlobalSection
	GlobalSection(SolutionProperties) = preSolution
		HideSolutionNode = FALSE
	EndGlobalSection
	GlobalSection(ExtensibilityGlobals) = postSolution
		SolutionGuid = {DB34EF3C-09CF-4E6F-979E-3EEDD6512B19}
	EndGlobalSection
EndGlobal
